
Microsoft Visual Studio Solution File, Format Version 12.00
# Visual Studio Version 17
VisualStudioVersion = 17.5.33414.496
MinimumVisualStudioVersion = 10.0.40219.1
Project("{FAE04EC0-301F-11D3-BF4B-00C04F79EFBC}") = "StartEx.Windows", "StartEx.Windows\StartEx.Windows.csproj", "{39C9FA53-24FD-474F-B0D8-00B1C34EA46E}"
EndProject
Project("{2150E333-8FDC-42A3-9474-1A3956D46DE8}") = "External", "External", "{0C003011-0A28-4214-8F45-190FCE3C39DC}"
EndProject
Project("{FAE04EC0-301F-11D3-BF4B-00C04F79EFBC}") = "StartEx.Core", "StartEx.Core\StartEx.Core.csproj", "{049BE646-8090-4158-B0B5-DABA3AD3968C}"
EndProject
Global
	GlobalSection(SolutionConfigurationPlatforms) = preSolution
		Debug|Any CPU = Debug|Any CPU
		Release|Any CPU = Release|Any CPU
	EndGlobalSection
	GlobalSection(ProjectConfigurationPlatforms) = postSolution
		{39C9FA53-24FD-474F-B0D8-00B1C34EA46E}.Debug|Any CPU.ActiveCfg = Debug|Any CPU
		{39C9FA53-24FD-474F-B0D8-00B1C34EA46E}.Debug|Any CPU.Build.0 = Debug|Any CPU
		{39C9FA53-24FD-474F-B0D8-00B1C34EA46E}.Release|Any CPU.ActiveCfg = Release|Any CPU
		{39C9FA53-24FD-474F-B0D8-00B1C34EA46E}.Release|Any CPU.Build.0 = Release|Any CPU
		{049BE646-8090-4158-B0B5-DABA3AD3968C}.Debug|Any CPU.ActiveCfg = Debug|Any CPU
		{049BE646-8090-4158-B0B5-DABA3AD3968C}.Debug|Any CPU.Build.0 = Debug|Any CPU
		{049BE646-8090-4158-B0B5-DABA3AD3968C}.Release|Any CPU.ActiveCfg = Release|Any CPU
		{049BE646-8090-4158-B0B5-DABA3AD3968C}.Release|Any CPU.Build.0 = Release|Any CPU
	EndGlobalSection
	GlobalSection(SolutionProperties) = preSolution
		HideSolutionNode = FALSE
	EndGlobalSection
	GlobalSection(ExtensibilityGlobals) = postSolution
		SolutionGuid = {E723DF4B-ADEE-4C5E-8BD6-E97E3D678A81}
	EndGlobalSection
EndGlobal
